
Microsoft Visual Studio Solution File, Format Version 12.00
# Visual Studio Version 16
VisualStudioVersion = 16.0.33801.447
MinimumVisualStudioVersion = 10.0.40219.1
Project("{FAE04EC0-301F-11D3-BF4B-00C04F79EFBC}") = "TPFinalNivel3RomeroMicaela", "TPFinalNivel3RomeroMicaela.csproj", "{99596E3A-AFFB-4D35-A605-5FA80F9FF6D2}"
EndProject
Global
	GlobalSection(SolutionConfigurationPlatforms) = preSolution
		Debug|Any CPU = Debug|Any CPU
		Release|Any CPU = Release|Any CPU
	EndGlobalSection
	GlobalSection(ProjectConfigurationPlatforms) = postSolution
		{99596E3A-AFFB-4D35-A605-5FA80F9FF6D2}.Debug|Any CPU.ActiveCfg = Debug|Any CPU
		{99596E3A-AFFB-4D35-A605-5FA80F9FF6D2}.Debug|Any CPU.Build.0 = Debug|Any CPU
		{99596E3A-AFFB-4D35-A605-5FA80F9FF6D2}.Release|Any CPU.ActiveCfg = Release|Any CPU
		{99596E3A-AFFB-4D35-A605-5FA80F9FF6D2}.Release|Any CPU.Build.0 = Release|Any CPU
	EndGlobalSection
	GlobalSection(SolutionProperties) = preSolution
		HideSolutionNode = FALSE
	EndGlobalSection
	GlobalSection(ExtensibilityGlobals) = postSolution
		SolutionGuid = {F48FE06C-032B-4D99-8D87-D1F206CB84DB}
	EndGlobalSection
EndGlobal
